
Microsoft Visual Studio Solution File, Format Version 12.00
# Visual Studio Version 17
VisualStudioVersion = 17.11.35312.102
MinimumVisualStudioVersion = 10.0.40219.1
Project("{9A19103F-16F7-4668-BE54-9A1E7A4F7556}") = "GameOfDrones.Server", "GameOfDrones.Server\GameOfDrones.Server.csproj", "{60137F43-01D4-40A1-87D8-C6B316CA995F}"
EndProject
Project("{54A90642-561A-4BB1-A94E-469ADEE60C69}") = "gameofdrones.client", "gameofdrones.client\gameofdrones.client.esproj", "{F318025D-2805-4400-8A5B-4E1A7838A744}"
EndProject
Project("{2150E333-8FDC-42A3-9474-1A3956D46DE8}") = "Solution Items", "Solution Items", "{0E9CEDF7-E487-481F-8FF1-2A3DC4A42397}"
	ProjectSection(SolutionItems) = preProject
		README.md = README.md
	EndProjectSection
EndProject
Global
	GlobalSection(SolutionConfigurationPlatforms) = preSolution
		Debug|Any CPU = Debug|Any CPU
		Release|Any CPU = Release|Any CPU
	EndGlobalSection
	GlobalSection(ProjectConfigurationPlatforms) = postSolution
		{60137F43-01D4-40A1-87D8-C6B316CA995F}.Debug|Any CPU.ActiveCfg = Debug|Any CPU
		{60137F43-01D4-40A1-87D8-C6B316CA995F}.Debug|Any CPU.Build.0 = Debug|Any CPU
		{60137F43-01D4-40A1-87D8-C6B316CA995F}.Release|Any CPU.ActiveCfg = Release|Any CPU
		{60137F43-01D4-40A1-87D8-C6B316CA995F}.Release|Any CPU.Build.0 = Release|Any CPU
		{F318025D-2805-4400-8A5B-4E1A7838A744}.Debug|Any CPU.ActiveCfg = Debug|Any CPU
		{F318025D-2805-4400-8A5B-4E1A7838A744}.Debug|Any CPU.Build.0 = Debug|Any CPU
		{F318025D-2805-4400-8A5B-4E1A7838A744}.Debug|Any CPU.Deploy.0 = Debug|Any CPU
		{F318025D-2805-4400-8A5B-4E1A7838A744}.Release|Any CPU.ActiveCfg = Release|Any CPU
		{F318025D-2805-4400-8A5B-4E1A7838A744}.Release|Any CPU.Build.0 = Release|Any CPU
		{F318025D-2805-4400-8A5B-4E1A7838A744}.Release|Any CPU.Deploy.0 = Release|Any CPU
	EndGlobalSection
	GlobalSection(SolutionProperties) = preSolution
		HideSolutionNode = FALSE
	EndGlobalSection
	GlobalSection(ExtensibilityGlobals) = postSolution
		SolutionGuid = {2B166699-9B71-414C-BBD5-7F64EAC1ADF0}
	EndGlobalSection
EndGlobal
